
Microsoft Visual Studio Solution File, Format Version 12.00
# Visual Studio Version 17
VisualStudioVersion = 17.1.32414.318
MinimumVisualStudioVersion = 10.0.40219.1
Project("{FAE04EC0-301F-11D3-BF4B-00C04F79EFBC}") = "Project1", "Project1\Project1.csproj", "{15316A09-BD28-497F-AD74-ECBAA2F2BDEC}"
EndProject
Global
	GlobalSection(SolutionConfigurationPlatforms) = preSolution
		Debug|Any CPU = Debug|Any CPU
		Release|Any CPU = Release|Any CPU
	EndGlobalSection
	GlobalSection(ProjectConfigurationPlatforms) = postSolution
		{15316A09-BD28-497F-AD74-ECBAA2F2BDEC}.Debug|Any CPU.ActiveCfg = Debug|Any CPU
		{15316A09-BD28-497F-AD74-ECBAA2F2BDEC}.Debug|Any CPU.Build.0 = Debug|Any CPU
		{15316A09-BD28-497F-AD74-ECBAA2F2BDEC}.Release|Any CPU.ActiveCfg = Release|Any CPU
		{15316A09-BD28-497F-AD74-ECBAA2F2BDEC}.Release|Any CPU.Build.0 = Release|Any CPU
	EndGlobalSection
	GlobalSection(SolutionProperties) = preSolution
		HideSolutionNode = FALSE
	EndGlobalSection
	GlobalSection(ExtensibilityGlobals) = postSolution
		SolutionGuid = {010AD644-DB95-48CA-BEC2-753515C5423D}
	EndGlobalSection
EndGlobal
