
Microsoft Visual Studio Solution File, Format Version 12.00
# Visual Studio Version 17
VisualStudioVersion = 17.1.32414.318
MinimumVisualStudioVersion = 10.0.40219.1
Project("{FAE04EC0-301F-11D3-BF4B-00C04F79EFBC}") = "WebApplication2", "WebApplication2\WebApplication2.csproj", "{FE28F88F-5C97-4437-B4C6-CD4C3E534F56}"
EndProject
Global
	GlobalSection(SolutionConfigurationPlatforms) = preSolution
		Debug|Any CPU = Debug|Any CPU
		Release|Any CPU = Release|Any CPU
	EndGlobalSection
	GlobalSection(ProjectConfigurationPlatforms) = postSolution
		{FE28F88F-5C97-4437-B4C6-CD4C3E534F56}.Debug|Any CPU.ActiveCfg = Debug|Any CPU
		{FE28F88F-5C97-4437-B4C6-CD4C3E534F56}.Debug|Any CPU.Build.0 = Debug|Any CPU
		{FE28F88F-5C97-4437-B4C6-CD4C3E534F56}.Release|Any CPU.ActiveCfg = Release|Any CPU
		{FE28F88F-5C97-4437-B4C6-CD4C3E534F56}.Release|Any CPU.Build.0 = Release|Any CPU
	EndGlobalSection
	GlobalSection(SolutionProperties) = preSolution
		HideSolutionNode = FALSE
	EndGlobalSection
	GlobalSection(ExtensibilityGlobals) = postSolution
		SolutionGuid = {2BAECD93-4115-4187-8536-1E57F6389A6B}
	EndGlobalSection
EndGlobal
